
Microsoft Visual Studio Solution File, Format Version 12.00
# Visual Studio Version 17
VisualStudioVersion = 17.0.31903.59
MinimumVisualStudioVersion = 10.0.40219.1
Project("{FAE04EC0-301F-11D3-BF4B-00C04F79EFBC}") = "WatchNexus.Core", "core\WatchNexus.Core.csproj", "{E2607BD5-D4A7-4728-B876-F606E9706640}"
EndProject
Project("{FAE04EC0-301F-11D3-BF4B-00C04F79EFBC}") = "WatchNexus.Shared", "shared\WatchNexus.Shared.csproj", "{6313EF07-2D0B-4124-9231-C2BEF15AD174}"
EndProject
Project("{2150E333-8FDC-42A3-9474-1A3956D46DE8}") = "tests", "tests", "{0AB3BF05-4346-4AA6-1389-037BE0695223}"
EndProject
Project("{FAE04EC0-301F-11D3-BF4B-00C04F79EFBC}") = "WatchNexus.Core.Tests", "tests\WatchNexus.Core.Tests\WatchNexus.Core.Tests.csproj", "{FB1627C6-574A-49E4-8601-67F225A579A4}"
EndProject
Global
	GlobalSection(SolutionConfigurationPlatforms) = preSolution
		Debug|Any CPU = Debug|Any CPU
		Debug|x64 = Debug|x64
		Debug|x86 = Debug|x86
		Release|Any CPU = Release|Any CPU
		Release|x64 = Release|x64
		Release|x86 = Release|x86
	EndGlobalSection
	GlobalSection(ProjectConfigurationPlatforms) = postSolution
		{E2607BD5-D4A7-4728-B876-F606E9706640}.Debug|Any CPU.ActiveCfg = Debug|Any CPU
		{E2607BD5-D4A7-4728-B876-F606E9706640}.Debug|Any CPU.Build.0 = Debug|Any CPU
		{E2607BD5-D4A7-4728-B876-F606E9706640}.Debug|x64.ActiveCfg = Debug|Any CPU
		{E2607BD5-D4A7-4728-B876-F606E9706640}.Debug|x64.Build.0 = Debug|Any CPU
		{E2607BD5-D4A7-4728-B876-F606E9706640}.Debug|x86.ActiveCfg = Debug|Any CPU
		{E2607BD5-D4A7-4728-B876-F606E9706640}.Debug|x86.Build.0 = Debug|Any CPU
		{E2607BD5-D4A7-4728-B876-F606E9706640}.Release|Any CPU.ActiveCfg = Release|Any CPU
		{E2607BD5-D4A7-4728-B876-F606E9706640}.Release|Any CPU.Build.0 = Release|Any CPU
		{E2607BD5-D4A7-4728-B876-F606E9706640}.Release|x64.ActiveCfg = Release|Any CPU
		{E2607BD5-D4A7-4728-B876-F606E9706640}.Release|x64.Build.0 = Release|Any CPU
		{E2607BD5-D4A7-4728-B876-F606E9706640}.Release|x86.ActiveCfg = Release|Any CPU
		{E2607BD5-D4A7-4728-B876-F606E9706640}.Release|x86.Build.0 = Release|Any CPU
		{6313EF07-2D0B-4124-9231-C2BEF15AD174}.Debug|Any CPU.ActiveCfg = Debug|Any CPU
		{6313EF07-2D0B-4124-9231-C2BEF15AD174}.Debug|Any CPU.Build.0 = Debug|Any CPU
		{6313EF07-2D0B-4124-9231-C2BEF15AD174}.Debug|x64.ActiveCfg = Debug|Any CPU
		{6313EF07-2D0B-4124-9231-C2BEF15AD174}.Debug|x64.Build.0 = Debug|Any CPU
		{6313EF07-2D0B-4124-9231-C2BEF15AD174}.Debug|x86.ActiveCfg = Debug|Any CPU
		{6313EF07-2D0B-4124-9231-C2BEF15AD174}.Debug|x86.Build.0 = Debug|Any CPU
		{6313EF07-2D0B-4124-9231-C2BEF15AD174}.Release|Any CPU.ActiveCfg = Release|Any CPU
		{6313EF07-2D0B-4124-9231-C2BEF15AD174}.Release|Any CPU.Build.0 = Release|Any CPU
		{6313EF07-2D0B-4124-9231-C2BEF15AD174}.Release|x64.ActiveCfg = Release|Any CPU
		{6313EF07-2D0B-4124-9231-C2BEF15AD174}.Release|x64.Build.0 = Release|Any CPU
		{6313EF07-2D0B-4124-9231-C2BEF15AD174}.Release|x86.ActiveCfg = Release|Any CPU
		{6313EF07-2D0B-4124-9231-C2BEF15AD174}.Release|x86.Build.0 = Release|Any CPU
		{FB1627C6-574A-49E4-8601-67F225A579A4}.Debug|Any CPU.ActiveCfg = Debug|Any CPU
		{FB1627C6-574A-49E4-8601-67F225A579A4}.Debug|Any CPU.Build.0 = Debug|Any CPU
		{FB1627C6-574A-49E4-8601-67F225A579A4}.Debug|x64.ActiveCfg = Debug|Any CPU
		{FB1627C6-574A-49E4-8601-67F225A579A4}.Debug|x64.Build.0 = Debug|Any CPU
		{FB1627C6-574A-49E4-8601-67F225A579A4}.Debug|x86.ActiveCfg = Debug|Any CPU
		{FB1627C6-574A-49E4-8601-67F225A579A4}.Debug|x86.Build.0 = Debug|Any CPU
		{FB1627C6-574A-49E4-8601-67F225A579A4}.Release|Any CPU.ActiveCfg = Release|Any CPU
		{FB1627C6-574A-49E4-8601-67F225A579A4}.Release|Any CPU.Build.0 = Release|Any CPU
		{FB1627C6-574A-49E4-8601-67F225A579A4}.Release|x64.ActiveCfg = Release|Any CPU
		{FB1627C6-574A-49E4-8601-67F225A579A4}.Release|x64.Build.0 = Release|Any CPU
		{FB1627C6-574A-49E4-8601-67F225A579A4}.Release|x86.ActiveCfg = Release|Any CPU
		{FB1627C6-574A-49E4-8601-67F225A579A4}.Release|x86.Build.0 = Release|Any CPU
	EndGlobalSection
	GlobalSection(SolutionProperties) = preSolution
		HideSolutionNode = FALSE
	EndGlobalSection
	GlobalSection(NestedProjects) = preSolution
		{FB1627C6-574A-49E4-8601-67F225A579A4} = {0AB3BF05-4346-4AA6-1389-037BE0695223}
	EndGlobalSection
EndGlobal
