
Microsoft Visual Studio Solution File, Format Version 12.00
# Visual Studio Version 17
VisualStudioVersion = 17.0.31903.59
MinimumVisualStudioVersion = 10.0.40219.1
Project("{2150E333-8FDC-42A3-9474-1A3956D46DE8}") = "src", "src", "{DC149DE6-7454-416C-8261-02D8E9197BE3}"
EndProject
Project("{FAE04EC0-301F-11D3-BF4B-00C04F79EFBC}") = "WatchNexus.Domain", "src\WatchNexus.Domain\WatchNexus.Domain.csproj", "{A62CC85C-4DDB-496D-B19F-0F4A231B9D77}"
EndProject
Project("{FAE04EC0-301F-11D3-BF4B-00C04F79EFBC}") = "WatchNexus.Application", "src\WatchNexus.Application\WatchNexus.Application.csproj", "{35150573-DC7D-481A-916F-4C538314CAE9}"
EndProject
Project("{FAE04EC0-301F-11D3-BF4B-00C04F79EFBC}") = "WatchNexus.Infrastructure", "src\WatchNexus.Infrastructure\WatchNexus.Infrastructure.csproj", "{D5EC7695-3645-48BC-B63E-CFDBB3AD9338}"
EndProject
Project("{FAE04EC0-301F-11D3-BF4B-00C04F79EFBC}") = "WatchNexus.API", "src\WatchNexus.API\WatchNexus.API.csproj", "{5941725D-2EC0-43DE-88AE-A208AC1CBC00}"
EndProject
Global
	GlobalSection(SolutionConfigurationPlatforms) = preSolution
		Debug|Any CPU = Debug|Any CPU
		Release|Any CPU = Release|Any CPU
	EndGlobalSection
	GlobalSection(SolutionProperties) = preSolution
		HideSolutionNode = FALSE
	EndGlobalSection
	GlobalSection(ProjectConfigurationPlatforms) = postSolution
		{A62CC85C-4DDB-496D-B19F-0F4A231B9D77}.Debug|Any CPU.ActiveCfg = Debug|Any CPU
		{A62CC85C-4DDB-496D-B19F-0F4A231B9D77}.Debug|Any CPU.Build.0 = Debug|Any CPU
		{A62CC85C-4DDB-496D-B19F-0F4A231B9D77}.Release|Any CPU.ActiveCfg = Release|Any CPU
		{A62CC85C-4DDB-496D-B19F-0F4A231B9D77}.Release|Any CPU.Build.0 = Release|Any CPU
		{35150573-DC7D-481A-916F-4C538314CAE9}.Debug|Any CPU.ActiveCfg = Debug|Any CPU
		{35150573-DC7D-481A-916F-4C538314CAE9}.Debug|Any CPU.Build.0 = Debug|Any CPU
		{35150573-DC7D-481A-916F-4C538314CAE9}.Release|Any CPU.ActiveCfg = Release|Any CPU
		{35150573-DC7D-481A-916F-4C538314CAE9}.Release|Any CPU.Build.0 = Release|Any CPU
		{D5EC7695-3645-48BC-B63E-CFDBB3AD9338}.Debug|Any CPU.ActiveCfg = Debug|Any CPU
		{D5EC7695-3645-48BC-B63E-CFDBB3AD9338}.Debug|Any CPU.Build.0 = Debug|Any CPU
		{D5EC7695-3645-48BC-B63E-CFDBB3AD9338}.Release|Any CPU.ActiveCfg = Release|Any CPU
		{D5EC7695-3645-48BC-B63E-CFDBB3AD9338}.Release|Any CPU.Build.0 = Release|Any CPU
		{5941725D-2EC0-43DE-88AE-A208AC1CBC00}.Debug|Any CPU.ActiveCfg = Debug|Any CPU
		{5941725D-2EC0-43DE-88AE-A208AC1CBC00}.Debug|Any CPU.Build.0 = Debug|Any CPU
		{5941725D-2EC0-43DE-88AE-A208AC1CBC00}.Release|Any CPU.ActiveCfg = Release|Any CPU
		{5941725D-2EC0-43DE-88AE-A208AC1CBC00}.Release|Any CPU.Build.0 = Release|Any CPU
	EndGlobalSection
	GlobalSection(NestedProjects) = preSolution
		{A62CC85C-4DDB-496D-B19F-0F4A231B9D77} = {DC149DE6-7454-416C-8261-02D8E9197BE3}
		{35150573-DC7D-481A-916F-4C538314CAE9} = {DC149DE6-7454-416C-8261-02D8E9197BE3}
		{D5EC7695-3645-48BC-B63E-CFDBB3AD9338} = {DC149DE6-7454-416C-8261-02D8E9197BE3}
		{5941725D-2EC0-43DE-88AE-A208AC1CBC00} = {DC149DE6-7454-416C-8261-02D8E9197BE3}
	EndGlobalSection
EndGlobal
