
Microsoft Visual Studio Solution File, Format Version 12.00
# Visual Studio Version 17
VisualStudioVersion = 17.0.31903.59
MinimumVisualStudioVersion = 10.0.40219.1
Project("{FAE04EC0-301F-11D3-BF4B-00C04F79EFBC}") = "WatchNexus.Core", "core\WatchNexus.Core.csproj", "{E2607BD5-D4A7-4728-B876-F606E9706640}"
EndProject
Project("{FAE04EC0-301F-11D3-BF4B-00C04F79EFBC}") = "WatchNexus.Shared", "shared\WatchNexus.Shared.csproj", "{6313EF07-2D0B-4124-9231-C2BEF15AD174}"
EndProject
Global
	GlobalSection(SolutionConfigurationPlatforms) = preSolution
		Debug|Any CPU = Debug|Any CPU
		Release|Any CPU = Release|Any CPU
	EndGlobalSection
	GlobalSection(SolutionProperties) = preSolution
		HideSolutionNode = FALSE
	EndGlobalSection
	GlobalSection(ProjectConfigurationPlatforms) = postSolution
		{E2607BD5-D4A7-4728-B876-F606E9706640}.Debug|Any CPU.ActiveCfg = Debug|Any CPU
		{E2607BD5-D4A7-4728-B876-F606E9706640}.Debug|Any CPU.Build.0 = Debug|Any CPU
		{E2607BD5-D4A7-4728-B876-F606E9706640}.Release|Any CPU.ActiveCfg = Release|Any CPU
		{E2607BD5-D4A7-4728-B876-F606E9706640}.Release|Any CPU.Build.0 = Release|Any CPU
		{6313EF07-2D0B-4124-9231-C2BEF15AD174}.Debug|Any CPU.ActiveCfg = Debug|Any CPU
		{6313EF07-2D0B-4124-9231-C2BEF15AD174}.Debug|Any CPU.Build.0 = Debug|Any CPU
		{6313EF07-2D0B-4124-9231-C2BEF15AD174}.Release|Any CPU.ActiveCfg = Release|Any CPU
		{6313EF07-2D0B-4124-9231-C2BEF15AD174}.Release|Any CPU.Build.0 = Release|Any CPU
	EndGlobalSection
EndGlobal
